
Microsoft Visual Studio Solution File, Format Version 12.00
# Visual Studio Version 17
VisualStudioVersion = 17.13.35931.197 d17.13
MinimumVisualStudioVersion = 10.0.40219.1
Project("{FAE04EC0-301F-11D3-BF4B-00C04F79EFBC}") = "BasicTriangle", "BasicTriangle\BasicTriangle.csproj", "{F2DF4B71-DFF7-47B8-B5C7-DF11DA60FF16}"
EndProject
Project("{FAE04EC0-301F-11D3-BF4B-00C04F79EFBC}") = "MoonWorks", "..\lib\MoonWorks.csproj", "{5308D698-74EE-1889-D430-6555BC96CDF5}"
EndProject
Global
	GlobalSection(SolutionConfigurationPlatforms) = preSolution
		Debug|Any CPU = Debug|Any CPU
		Release|Any CPU = Release|Any CPU
	EndGlobalSection
	GlobalSection(ProjectConfigurationPlatforms) = postSolution
		{F2DF4B71-DFF7-47B8-B5C7-DF11DA60FF16}.Debug|Any CPU.ActiveCfg = Debug|Any CPU
		{F2DF4B71-DFF7-47B8-B5C7-DF11DA60FF16}.Debug|Any CPU.Build.0 = Debug|Any CPU
		{F2DF4B71-DFF7-47B8-B5C7-DF11DA60FF16}.Release|Any CPU.ActiveCfg = Release|Any CPU
		{F2DF4B71-DFF7-47B8-B5C7-DF11DA60FF16}.Release|Any CPU.Build.0 = Release|Any CPU
		{5308D698-74EE-1889-D430-6555BC96CDF5}.Debug|Any CPU.ActiveCfg = Debug|Any CPU
		{5308D698-74EE-1889-D430-6555BC96CDF5}.Debug|Any CPU.Build.0 = Debug|Any CPU
		{5308D698-74EE-1889-D430-6555BC96CDF5}.Release|Any CPU.ActiveCfg = Release|Any CPU
		{5308D698-74EE-1889-D430-6555BC96CDF5}.Release|Any CPU.Build.0 = Release|Any CPU
	EndGlobalSection
	GlobalSection(SolutionProperties) = preSolution
		HideSolutionNode = FALSE
	EndGlobalSection
	GlobalSection(ExtensibilityGlobals) = postSolution
		SolutionGuid = {B900E3ED-BB07-4129-A2AD-8C003F0193D5}
	EndGlobalSection
EndGlobal
